
Microsoft Visual Studio Solution File, Format Version 12.00
# Visual Studio Version 17
VisualStudioVersion = 17.5.002.0
MinimumVisualStudioVersion = 10.0.40219.1
Project("{FAE04EC0-301F-11D3-BF4B-00C04F79EFBC}") = "ChristopherBriddock.AspNetCore.HealthChecks", "src\ChristopherBriddock.AspNetCore.HealthChecks\ChristopherBriddock.AspNetCore.HealthChecks.csproj", "{52B2F862-2CDE-8528-8F1F-A55D54ADE531}"
EndProject
Global
	GlobalSection(SolutionConfigurationPlatforms) = preSolution
		Debug|Any CPU = Debug|Any CPU
		Release|Any CPU = Release|Any CPU
	EndGlobalSection
	GlobalSection(ProjectConfigurationPlatforms) = postSolution
		{52B2F862-2CDE-8528-8F1F-A55D54ADE531}.Debug|Any CPU.ActiveCfg = Debug|Any CPU
		{52B2F862-2CDE-8528-8F1F-A55D54ADE531}.Debug|Any CPU.Build.0 = Debug|Any CPU
		{52B2F862-2CDE-8528-8F1F-A55D54ADE531}.Release|Any CPU.ActiveCfg = Release|Any CPU
		{52B2F862-2CDE-8528-8F1F-A55D54ADE531}.Release|Any CPU.Build.0 = Release|Any CPU
	EndGlobalSection
	GlobalSection(SolutionProperties) = preSolution
		HideSolutionNode = FALSE
	EndGlobalSection
	GlobalSection(ExtensibilityGlobals) = postSolution
		SolutionGuid = {741DDCD7-041E-4755-B5D8-7CC29FEFD502}
	EndGlobalSection
EndGlobal
